
Microsoft Visual Studio Solution File, Format Version 12.00
# Visual Studio Version 17
VisualStudioVersion = 17.3.32728.150
MinimumVisualStudioVersion = 10.0.40219.1
Project("{9A19103F-16F7-4668-BE54-9A1E7A4F7556}") = "DemoClient", "DemoClient\DemoClient.csproj", "{0D30D708-FE6E-4212-8915-7460EC8667DD}"
EndProject
Project("{9A19103F-16F7-4668-BE54-9A1E7A4F7556}") = "DemoService", "..\DemoService\DemoService.csproj", "{413A8D24-5C47-470C-84AF-4CF351946A41}"
EndProject
Global
	GlobalSection(SolutionConfigurationPlatforms) = preSolution
		Debug|Any CPU = Debug|Any CPU
		Release|Any CPU = Release|Any CPU
	EndGlobalSection
	GlobalSection(ProjectConfigurationPlatforms) = postSolution
		{0D30D708-FE6E-4212-8915-7460EC8667DD}.Debug|Any CPU.ActiveCfg = Debug|Any CPU
		{0D30D708-FE6E-4212-8915-7460EC8667DD}.Debug|Any CPU.Build.0 = Debug|Any CPU
		{0D30D708-FE6E-4212-8915-7460EC8667DD}.Release|Any CPU.ActiveCfg = Release|Any CPU
		{0D30D708-FE6E-4212-8915-7460EC8667DD}.Release|Any CPU.Build.0 = Release|Any CPU
		{413A8D24-5C47-470C-84AF-4CF351946A41}.Debug|Any CPU.ActiveCfg = Debug|Any CPU
		{413A8D24-5C47-470C-84AF-4CF351946A41}.Debug|Any CPU.Build.0 = Debug|Any CPU
		{413A8D24-5C47-470C-84AF-4CF351946A41}.Release|Any CPU.ActiveCfg = Release|Any CPU
		{413A8D24-5C47-470C-84AF-4CF351946A41}.Release|Any CPU.Build.0 = Release|Any CPU
	EndGlobalSection
	GlobalSection(SolutionProperties) = preSolution
		HideSolutionNode = FALSE
	EndGlobalSection
	GlobalSection(ExtensibilityGlobals) = postSolution
		SolutionGuid = {DA089D31-21DD-4D98-AA9A-D201007D9D00}
	EndGlobalSection
EndGlobal
